
Microsoft Visual Studio Solution File, Format Version 12.00
# Visual Studio Version 16
VisualStudioVersion = 16.0.30114.105
MinimumVisualStudioVersion = 10.0.40219.1
Project("{FAE04EC0-301F-11D3-BF4B-00C04F79EFBC}") = "KNB", "KNB\KNB.csproj", "{D485DD04-17E3-4E2C-A6E7-DD37914315B5}"
EndProject
Global
	GlobalSection(SolutionConfigurationPlatforms) = preSolution
		Debug|Any CPU = Debug|Any CPU
		Release|Any CPU = Release|Any CPU
	EndGlobalSection
	GlobalSection(ProjectConfigurationPlatforms) = postSolution
		{D485DD04-17E3-4E2C-A6E7-DD37914315B5}.Debug|Any CPU.ActiveCfg = Debug|Any CPU
		{D485DD04-17E3-4E2C-A6E7-DD37914315B5}.Debug|Any CPU.Build.0 = Debug|Any CPU
		{D485DD04-17E3-4E2C-A6E7-DD37914315B5}.Release|Any CPU.ActiveCfg = Release|Any CPU
		{D485DD04-17E3-4E2C-A6E7-DD37914315B5}.Release|Any CPU.Build.0 = Release|Any CPU
	EndGlobalSection
	GlobalSection(SolutionProperties) = preSolution
		HideSolutionNode = FALSE
	EndGlobalSection
	GlobalSection(ExtensibilityGlobals) = postSolution
		SolutionGuid = {B5F85754-407A-4293-94F0-ADB32A63102F}
	EndGlobalSection
EndGlobal
